// !$*UTF8*$!
{
	archiveVersion = 1;
	classes = {
	};
	objectVersion = 46;
	objects = {

/* Begin PBXBuildFile section */
		4C23DC5619C98C6900A4FE0E /* AppDelegate.swift in Sources */ = {isa = PBXBuildFile; fileRef = 4C23DC5519C98C6900A4FE0E /* AppDelegate.swift */; };
		4C23DC5819C98C6900A4FE0E /* TalkListVC.swift in Sources */ = {isa = PBXBuildFile; fileRef = 4C23DC5719C98C6900A4FE0E /* TalkListVC.swift */; };
		4C23DC5B19C98C6900A4FE0E /* Main.storyboard in Resources */ = {isa = PBXBuildFile; fileRef = 4C23DC5919C98C6900A4FE0E /* Main.storyboard */; };
		4C23DC5D19C98C6900A4FE0E /* Images.xcassets in Resources */ = {isa = PBXBuildFile; fileRef = 4C23DC5C19C98C6900A4FE0E /* Images.xcassets */; };
		4C23DC6C19C98C6A00A4FE0E /* RateMyTalkTests.swift in Sources */ = {isa = PBXBuildFile; fileRef = 4C23DC6B19C98C6A00A4FE0E /* RateMyTalkTests.swift */; };
		4C23DC7619C98DB200A4FE0E /* RateTalkVC.swift in Sources */ = {isa = PBXBuildFile; fileRef = 4C23DC7519C98DB200A4FE0E /* RateTalkVC.swift */; };
		4C23DC7819C98E5700A4FE0E /* TalkManager.swift in Sources */ = {isa = PBXBuildFile; fileRef = 4C23DC7719C98E5700A4FE0E /* TalkManager.swift */; };
		4C23DC7A19C98FE000A4FE0E /* README.md in Sources */ = {isa = PBXBuildFile; fileRef = 4C23DC7919C98FE000A4FE0E /* README.md */; };
		4C23DC8219C9929300A4FE0E /* NotificationCenter.framework in Frameworks */ = {isa = PBXBuildFile; fileRef = 4C23DC8119C9929300A4FE0E /* NotificationCenter.framework */; };
		4C23DC8719C9929300A4FE0E /* TodayViewController.swift in Sources */ = {isa = PBXBuildFile; fileRef = 4C23DC8619C9929300A4FE0E /* TodayViewController.swift */; };
		4C23DC8919C9929300A4FE0E /* MainInterface.storyboard in Resources */ = {isa = PBXBuildFile; fileRef = 4C23DC8819C9929300A4FE0E /* MainInterface.storyboard */; };
		4C23DC8C19C9929300A4FE0E /* Rate My Talk.appex in Embed App Extensions */ = {isa = PBXBuildFile; fileRef = 4C23DC7F19C9929300A4FE0E /* Rate My Talk.appex */; settings = {ATTRIBUTES = (RemoveHeadersOnCopy, ); }; };
		4C23DC9519C99C8F00A4FE0E /* CloudKit.framework in Frameworks */ = {isa = PBXBuildFile; fileRef = 4C23DC9419C99C8F00A4FE0E /* CloudKit.framework */; };
		74BA2E1B19C9DC8300158334 /* JBRatingView.m in Sources */ = {isa = PBXBuildFile; fileRef = 74BA2E1A19C9DC8300158334 /* JBRatingView.m */; };
		74BA2E1C19C9DC8300158334 /* JBRatingView.m in Sources */ = {isa = PBXBuildFile; fileRef = 74BA2E1A19C9DC8300158334 /* JBRatingView.m */; };
/* End PBXBuildFile section */

/* Begin PBXContainerItemProxy section */
		4C23DC6619C98C6A00A4FE0E /* PBXContainerItemProxy */ = {
			isa = PBXContainerItemProxy;
			containerPortal = 4C23DC4819C98C6900A4FE0E /* Project object */;
			proxyType = 1;
			remoteGlobalIDString = 4C23DC4F19C98C6900A4FE0E;
			remoteInfo = RateMyTalk;
		};
		4C23DC8A19C9929300A4FE0E /* PBXContainerItemProxy */ = {
			isa = PBXContainerItemProxy;
			containerPortal = 4C23DC4819C98C6900A4FE0E /* Project object */;
			proxyType = 1;
			remoteGlobalIDString = 4C23DC7E19C9929300A4FE0E;
			remoteInfo = TodayExtension;
		};
		4C23DC8D19C9929300A4FE0E /* PBXContainerItemProxy */ = {
			isa = PBXContainerItemProxy;
			containerPortal = 4C23DC4819C98C6900A4FE0E /* Project object */;
			proxyType = 1;
			remoteGlobalIDString = 4C23DC7E19C9929300A4FE0E;
			remoteInfo = TodayExtension;
		};
/* End PBXContainerItemProxy section */

/* Begin PBXCopyFilesBuildPhase section */
		4C23DC9219C9929300A4FE0E /* Embed App Extensions */ = {
			isa = PBXCopyFilesBuildPhase;
			buildActionMask = 2147483647;
			dstPath = "";
			dstSubfolderSpec = 13;
			files = (
				4C23DC8C19C9929300A4FE0E /* Rate My Talk.appex in Embed App Extensions */,
			);
			name = "Embed App Extensions";
			runOnlyForDeploymentPostprocessing = 0;
		};
/* End PBXCopyFilesBuildPhase section */

/* Begin PBXFileReference section */
		4C23DC5019C98C6900A4FE0E /* RateMyTalk.app */ = {isa = PBXFileReference; explicitFileType = wrapper.application; includeInIndex = 0; path = RateMyTalk.app; sourceTree = BUILT_PRODUCTS_DIR; };
		4C23DC5419C98C6900A4FE0E /* Info.plist */ = {isa = PBXFileReference; lastKnownFileType = text.plist.xml; path = Info.plist; sourceTree = "<group>"; };
		4C23DC5519C98C6900A4FE0E /* AppDelegate.swift */ = {isa = PBXFileReference; lastKnownFileType = sourcecode.swift; path = AppDelegate.swift; sourceTree = "<group>"; };
		4C23DC5719C98C6900A4FE0E /* TalkListVC.swift */ = {isa = PBXFileReference; lastKnownFileType = sourcecode.swift; path = TalkListVC.swift; sourceTree = "<group>"; };
		4C23DC5A19C98C6900A4FE0E /* Base */ = {isa = PBXFileReference; lastKnownFileType = file.storyboard; name = Base; path = Base.lproj/Main.storyboard; sourceTree = "<group>"; };
		4C23DC5C19C98C6900A4FE0E /* Images.xcassets */ = {isa = PBXFileReference; lastKnownFileType = folder.assetcatalog; path = Images.xcassets; sourceTree = "<group>"; };
		4C23DC6519C98C6900A4FE0E /* RateMyTalkTests.xctest */ = {isa = PBXFileReference; explicitFileType = wrapper.cfbundle; includeInIndex = 0; path = RateMyTalkTests.xctest; sourceTree = BUILT_PRODUCTS_DIR; };
		4C23DC6A19C98C6A00A4FE0E /* Info.plist */ = {isa = PBXFileReference; lastKnownFileType = text.plist.xml; path = Info.plist; sourceTree = "<group>"; };
		4C23DC6B19C98C6A00A4FE0E /* RateMyTalkTests.swift */ = {isa = PBXFileReference; lastKnownFileType = sourcecode.swift; path = RateMyTalkTests.swift; sourceTree = "<group>"; };
		4C23DC7519C98DB200A4FE0E /* RateTalkVC.swift */ = {isa = PBXFileReference; fileEncoding = 4; lastKnownFileType = sourcecode.swift; path = RateTalkVC.swift; sourceTree = "<group>"; };
		4C23DC7719C98E5700A4FE0E /* TalkManager.swift */ = {isa = PBXFileReference; fileEncoding = 4; lastKnownFileType = sourcecode.swift; path = TalkManager.swift; sourceTree = "<group>"; };
		4C23DC7919C98FE000A4FE0E /* README.md */ = {isa = PBXFileReference; fileEncoding = 4; lastKnownFileType = net.daringfireball.markdown; path = README.md; sourceTree = "<group>"; };
		4C23DC7F19C9929300A4FE0E /* Rate My Talk.appex */ = {isa = PBXFileReference; explicitFileType = "wrapper.app-extension"; includeInIndex = 0; path = "Rate My Talk.appex"; sourceTree = BUILT_PRODUCTS_DIR; };
		4C23DC8119C9929300A4FE0E /* NotificationCenter.framework */ = {isa = PBXFileReference; lastKnownFileType = wrapper.framework; name = NotificationCenter.framework; path = System/Library/Frameworks/NotificationCenter.framework; sourceTree = SDKROOT; };
		4C23DC8519C9929300A4FE0E /* Info.plist */ = {isa = PBXFileReference; lastKnownFileType = text.plist.xml; path = Info.plist; sourceTree = "<group>"; };
		4C23DC8619C9929300A4FE0E /* TodayViewController.swift */ = {isa = PBXFileReference; lastKnownFileType = sourcecode.swift; path = TodayViewController.swift; sourceTree = "<group>"; };
		4C23DC8819C9929300A4FE0E /* MainInterface.storyboard */ = {isa = PBXFileReference; lastKnownFileType = file.storyboard; path = MainInterface.storyboard; sourceTree = "<group>"; };
		4C23DC9319C99C8200A4FE0E /* RateMyTalk.entitlements */ = {isa = PBXFileReference; lastKnownFileType = text.xml; path = RateMyTalk.entitlements; sourceTree = "<group>"; };
		4C23DC9419C99C8F00A4FE0E /* CloudKit.framework */ = {isa = PBXFileReference; lastKnownFileType = wrapper.framework; name = CloudKit.framework; path = System/Library/Frameworks/CloudKit.framework; sourceTree = SDKROOT; };
		74BA2E1719C9DC8200158334 /* RateMyTalk-Bridging-Header.h */ = {isa = PBXFileReference; lastKnownFileType = sourcecode.c.h; path = "RateMyTalk-Bridging-Header.h"; sourceTree = "<group>"; };
		74BA2E1819C9DC8300158334 /* TodayExtension-Bridging-Header.h */ = {isa = PBXFileReference; lastKnownFileType = sourcecode.c.h; path = "TodayExtension-Bridging-Header.h"; sourceTree = "<group>"; };
		74BA2E1919C9DC8300158334 /* JBRatingView.h */ = {isa = PBXFileReference; fileEncoding = 4; lastKnownFileType = sourcecode.c.h; path = JBRatingView.h; sourceTree = "<group>"; };
		74BA2E1A19C9DC8300158334 /* JBRatingView.m */ = {isa = PBXFileReference; fileEncoding = 4; lastKnownFileType = sourcecode.c.objc; path = JBRatingView.m; sourceTree = "<group>"; };
/* End PBXFileReference section */

/* Begin PBXFrameworksBuildPhase section */
		4C23DC4D19C98C6900A4FE0E /* Frameworks */ = {
			isa = PBXFrameworksBuildPhase;
			buildActionMask = 2147483647;
			files = (
				4C23DC9519C99C8F00A4FE0E /* CloudKit.framework in Frameworks */,
			);
			runOnlyForDeploymentPostprocessing = 0;
		};
		4C23DC6219C98C6900A4FE0E /* Frameworks */ = {
			isa = PBXFrameworksBuildPhase;
			buildActionMask = 2147483647;
			files = (
			);
			runOnlyForDeploymentPostprocessing = 0;
		};
		4C23DC7C19C9929300A4FE0E /* Frameworks */ = {
			isa = PBXFrameworksBuildPhase;
			buildActionMask = 2147483647;
			files = (
				4C23DC8219C9929300A4FE0E /* NotificationCenter.framework in Frameworks */,
			);
			runOnlyForDeploymentPostprocessing = 0;
		};
/* End PBXFrameworksBuildPhase section */

/* Begin PBXGroup section */
		4C23DC4719C98C6900A4FE0E = {
			isa = PBXGroup;
			children = (
				4C23DC7919C98FE000A4FE0E /* README.md */,
				4C23DC5219C98C6900A4FE0E /* RateMyTalk */,
				4C23DC6819C98C6A00A4FE0E /* RateMyTalkTests */,
				4C23DC8319C9929300A4FE0E /* TodayExtension */,
				4C23DC8019C9929300A4FE0E /* Frameworks */,
				4C23DC5119C98C6900A4FE0E /* Products */,
			);
			sourceTree = "<group>";
		};
		4C23DC5119C98C6900A4FE0E /* Products */ = {
			isa = PBXGroup;
			children = (
				4C23DC5019C98C6900A4FE0E /* RateMyTalk.app */,
				4C23DC6519C98C6900A4FE0E /* RateMyTalkTests.xctest */,
				4C23DC7F19C9929300A4FE0E /* Rate My Talk.appex */,
			);
			name = Products;
			sourceTree = "<group>";
		};
		4C23DC5219C98C6900A4FE0E /* RateMyTalk */ = {
			isa = PBXGroup;
			children = (
				74BA2E1D19C9DE6C00158334 /* ThirdPartyCode */,
				4C23DC9319C99C8200A4FE0E /* RateMyTalk.entitlements */,
				4C23DC5519C98C6900A4FE0E /* AppDelegate.swift */,
				4C23DC7719C98E5700A4FE0E /* TalkManager.swift */,
				4C23DC5719C98C6900A4FE0E /* TalkListVC.swift */,
				4C23DC7519C98DB200A4FE0E /* RateTalkVC.swift */,
				4C23DC5919C98C6900A4FE0E /* Main.storyboard */,
				4C23DC5C19C98C6900A4FE0E /* Images.xcassets */,
				4C23DC5319C98C6900A4FE0E /* Supporting Files */,
				74BA2E1719C9DC8200158334 /* RateMyTalk-Bridging-Header.h */,
				74BA2E1819C9DC8300158334 /* TodayExtension-Bridging-Header.h */,
			);
			path = RateMyTalk;
			sourceTree = "<group>";
		};
		4C23DC5319C98C6900A4FE0E /* Supporting Files */ = {
			isa = PBXGroup;
			children = (
				4C23DC5419C98C6900A4FE0E /* Info.plist */,
			);
			name = "Supporting Files";
			sourceTree = "<group>";
		};
		4C23DC6819C98C6A00A4FE0E /* RateMyTalkTests */ = {
			isa = PBXGroup;
			children = (
				4C23DC6B19C98C6A00A4FE0E /* RateMyTalkTests.swift */,
				4C23DC6919C98C6A00A4FE0E /* Supporting Files */,
			);
			path = RateMyTalkTests;
			sourceTree = "<group>";
		};
		4C23DC6919C98C6A00A4FE0E /* Supporting Files */ = {
			isa = PBXGroup;
			children = (
				4C23DC6A19C98C6A00A4FE0E /* Info.plist */,
			);
			name = "Supporting Files";
			sourceTree = "<group>";
		};
		4C23DC8019C9929300A4FE0E /* Frameworks */ = {
			isa = PBXGroup;
			children = (
				4C23DC9419C99C8F00A4FE0E /* CloudKit.framework */,
				4C23DC8119C9929300A4FE0E /* NotificationCenter.framework */,
			);
			name = Frameworks;
			sourceTree = "<group>";
		};
		4C23DC8319C9929300A4FE0E /* TodayExtension */ = {
			isa = PBXGroup;
			children = (
				4C23DC8619C9929300A4FE0E /* TodayViewController.swift */,
				4C23DC8819C9929300A4FE0E /* MainInterface.storyboard */,
				4C23DC8419C9929300A4FE0E /* Supporting Files */,
			);
			path = TodayExtension;
			sourceTree = "<group>";
		};
		4C23DC8419C9929300A4FE0E /* Supporting Files */ = {
			isa = PBXGroup;
			children = (
				4C23DC8519C9929300A4FE0E /* Info.plist */,
			);
			name = "Supporting Files";
			sourceTree = "<group>";
		};
		74BA2E1D19C9DE6C00158334 /* ThirdPartyCode */ = {
			isa = PBXGroup;
			children = (
				74BA2E1919C9DC8300158334 /* JBRatingView.h */,
				74BA2E1A19C9DC8300158334 /* JBRatingView.m */,
			);
			name = ThirdPartyCode;
			sourceTree = "<group>";
		};
/* End PBXGroup section */

/* Begin PBXNativeTarget section */
		4C23DC4F19C98C6900A4FE0E /* RateMyTalk */ = {
			isa = PBXNativeTarget;
			buildConfigurationList = 4C23DC6F19C98C6A00A4FE0E /* Build configuration list for PBXNativeTarget "RateMyTalk" */;
			buildPhases = (
				4C23DC4C19C98C6900A4FE0E /* Sources */,
				4C23DC4D19C98C6900A4FE0E /* Frameworks */,
				4C23DC4E19C98C6900A4FE0E /* Resources */,
				4C23DC9219C9929300A4FE0E /* Embed App Extensions */,
			);
			buildRules = (
			);
			dependencies = (
				4C23DC8B19C9929300A4FE0E /* PBXTargetDependency */,
				4C23DC8E19C9929300A4FE0E /* PBXTargetDependency */,
			);
			name = RateMyTalk;
			productName = RateMyTalk;
			productReference = 4C23DC5019C98C6900A4FE0E /* RateMyTalk.app */;
			productType = "com.apple.product-type.application";
		};
		4C23DC6419C98C6900A4FE0E /* RateMyTalkTests */ = {
			isa = PBXNativeTarget;
			buildConfigurationList = 4C23DC7219C98C6A00A4FE0E /* Build configuration list for PBXNativeTarget "RateMyTalkTests" */;
			buildPhases = (
				4C23DC6119C98C6900A4FE0E /* Sources */,
				4C23DC6219C98C6900A4FE0E /* Frameworks */,
				4C23DC6319C98C6900A4FE0E /* Resources */,
			);
			buildRules = (
			);
			dependencies = (
				4C23DC6719C98C6A00A4FE0E /* PBXTargetDependency */,
			);
			name = RateMyTalkTests;
			productName = RateMyTalkTests;
			productReference = 4C23DC6519C98C6900A4FE0E /* RateMyTalkTests.xctest */;
			productType = "com.apple.product-type.bundle.unit-test";
		};
		4C23DC7E19C9929300A4FE0E /* TodayExtension */ = {
			isa = PBXNativeTarget;
			buildConfigurationList = 4C23DC8F19C9929300A4FE0E /* Build configuration list for PBXNativeTarget "TodayExtension" */;
			buildPhases = (
				4C23DC7B19C9929300A4FE0E /* Sources */,
				4C23DC7C19C9929300A4FE0E /* Frameworks */,
				4C23DC7D19C9929300A4FE0E /* Resources */,
			);
			buildRules = (
			);
			dependencies = (
			);
			name = TodayExtension;
			productName = TodayExtension;
			productReference = 4C23DC7F19C9929300A4FE0E /* Rate My Talk.appex */;
			productType = "com.apple.product-type.app-extension";
		};
/* End PBXNativeTarget section */

/* Begin PBXProject section */
		4C23DC4819C98C6900A4FE0E /* Project object */ = {
			isa = PBXProject;
			attributes = {
				LastUpgradeCheck = 0600;
				ORGANIZATIONNAME = "Manuel \"StuFF mc\" Carrasco Molina";
				TargetAttributes = {
					4C23DC4F19C98C6900A4FE0E = {
						CreatedOnToolsVersion = 6.0;
						DevelopmentTeam = Y4R8N4N5G7;
						SystemCapabilities = {
							com.apple.iCloud = {
								enabled = 1;
							};
						};
					};
					4C23DC6419C98C6900A4FE0E = {
						CreatedOnToolsVersion = 6.0;
						TestTargetID = 4C23DC4F19C98C6900A4FE0E;
					};
					4C23DC7E19C9929300A4FE0E = {
						CreatedOnToolsVersion = 6.0;
					};
				};
			};
			buildConfigurationList = 4C23DC4B19C98C6900A4FE0E /* Build configuration list for PBXProject "RateMyTalk" */;
			compatibilityVersion = "Xcode 3.2";
			developmentRegion = English;
			hasScannedForEncodings = 0;
			knownRegions = (
				en,
				Base,
			);
			mainGroup = 4C23DC4719C98C6900A4FE0E;
			productRefGroup = 4C23DC5119C98C6900A4FE0E /* Products */;
			projectDirPath = "";
			projectRoot = "";
			targets = (
				4C23DC4F19C98C6900A4FE0E /* RateMyTalk */,
				4C23DC6419C98C6900A4FE0E /* RateMyTalkTests */,
				4C23DC7E19C9929300A4FE0E /* TodayExtension */,
			);
		};
/* End PBXProject section */

/* Begin PBXResourcesBuildPhase section */
		4C23DC4E19C98C6900A4FE0E /* Resources */ = {
			isa = PBXResourcesBuildPhase;
			buildActionMask = 2147483647;
			files = (
				4C23DC5B19C98C6900A4FE0E /* Main.storyboard in Resources */,
				4C23DC5D19C98C6900A4FE0E /* Images.xcassets in Resources */,
			);
			runOnlyForDeploymentPostprocessing = 0;
		};
		4C23DC6319C98C6900A4FE0E /* Resources */ = {
			isa = PBXResourcesBuildPhase;
			buildActionMask = 2147483647;
			files = (
			);
			runOnlyForDeploymentPostprocessing = 0;
		};
		4C23DC7D19C9929300A4FE0E /* Resources */ = {
			isa = PBXResourcesBuildPhase;
			buildActionMask = 2147483647;
			files = (
				4C23DC8919C9929300A4FE0E /* MainInterface.storyboard in Resources */,
			);
			runOnlyForDeploymentPostprocessing = 0;
		};
/* End PBXResourcesBuildPhase section */

/* Begin PBXSourcesBuildPhase section */
		4C23DC4C19C98C6900A4FE0E /* Sources */ = {
			isa = PBXSourcesBuildPhase;
			buildActionMask = 2147483647;
			files = (
				4C23DC5819C98C6900A4FE0E /* TalkListVC.swift in Sources */,
				4C23DC7619C98DB200A4FE0E /* RateTalkVC.swift in Sources */,
				4C23DC7A19C98FE000A4FE0E /* README.md in Sources */,
				4C23DC5619C98C6900A4FE0E /* AppDelegate.swift in Sources */,
				4C23DC7819C98E5700A4FE0E /* TalkManager.swift in Sources */,
				74BA2E1B19C9DC8300158334 /* JBRatingView.m in Sources */,
			);
			runOnlyForDeploymentPostprocessing = 0;
		};
		4C23DC6119C98C6900A4FE0E /* Sources */ = {
			isa = PBXSourcesBuildPhase;
			buildActionMask = 2147483647;
			files = (
				4C23DC6C19C98C6A00A4FE0E /* RateMyTalkTests.swift in Sources */,
			);
			runOnlyForDeploymentPostprocessing = 0;
		};
		4C23DC7B19C9929300A4FE0E /* Sources */ = {
			isa = PBXSourcesBuildPhase;
			buildActionMask = 2147483647;
			files = (
				4C23DC8719C9929300A4FE0E /* TodayViewController.swift in Sources */,
				74BA2E1C19C9DC8300158334 /* JBRatingView.m in Sources */,
			);
			runOnlyForDeploymentPostprocessing = 0;
		};
/* End PBXSourcesBuildPhase section */

/* Begin PBXTargetDependency section */
		4C23DC6719C98C6A00A4FE0E /* PBXTargetDependency */ = {
			isa = PBXTargetDependency;
			target = 4C23DC4F19C98C6900A4FE0E /* RateMyTalk */;
			targetProxy = 4C23DC6619C98C6A00A4FE0E /* PBXContainerItemProxy */;
		};
		4C23DC8B19C9929300A4FE0E /* PBXTargetDependency */ = {
			isa = PBXTargetDependency;
			target = 4C23DC7E19C9929300A4FE0E /* TodayExtension */;
			targetProxy = 4C23DC8A19C9929300A4FE0E /* PBXContainerItemProxy */;
		};
		4C23DC8E19C9929300A4FE0E /* PBXTargetDependency */ = {
			isa = PBXTargetDependency;
			target = 4C23DC7E19C9929300A4FE0E /* TodayExtension */;
			targetProxy = 4C23DC8D19C9929300A4FE0E /* PBXContainerItemProxy */;
		};
/* End PBXTargetDependency section */

/* Begin PBXVariantGroup section */
		4C23DC5919C98C6900A4FE0E /* Main.storyboard */ = {
			isa = PBXVariantGroup;
			children = (
				4C23DC5A19C98C6900A4FE0E /* Base */,
			);
			name = Main.storyboard;
			sourceTree = "<group>";
		};
/* End PBXVariantGroup section */

/* Begin XCBuildConfiguration section */
		4C23DC6D19C98C6A00A4FE0E /* Debug */ = {
			isa = XCBuildConfiguration;
			buildSettings = {
				ALWAYS_SEARCH_USER_PATHS = NO;
				CLANG_CXX_LANGUAGE_STANDARD = "gnu++0x";
				CLANG_CXX_LIBRARY = "libc++";
				CLANG_ENABLE_MODULES = YES;
				CLANG_ENABLE_OBJC_ARC = YES;
				CLANG_WARN_BOOL_CONVERSION = YES;
				CLANG_WARN_CONSTANT_CONVERSION = YES;
				CLANG_WARN_DIRECT_OBJC_ISA_USAGE = YES_ERROR;
				CLANG_WARN_EMPTY_BODY = YES;
				CLANG_WARN_ENUM_CONVERSION = YES;
				CLANG_WARN_INT_CONVERSION = YES;
				CLANG_WARN_OBJC_ROOT_CLASS = YES_ERROR;
				CLANG_WARN_UNREACHABLE_CODE = YES;
				CLANG_WARN__DUPLICATE_METHOD_MATCH = YES;
				"CODE_SIGN_IDENTITY[sdk=iphoneos*]" = "iPhone Developer";
				COPY_PHASE_STRIP = NO;
				ENABLE_STRICT_OBJC_MSGSEND = YES;
				GCC_C_LANGUAGE_STANDARD = gnu99;
				GCC_DYNAMIC_NO_PIC = NO;
				GCC_OPTIMIZATION_LEVEL = 0;
				GCC_PREPROCESSOR_DEFINITIONS = (
					"DEBUG=1",
					"$(inherited)",
				);
				GCC_SYMBOLS_PRIVATE_EXTERN = NO;
				GCC_WARN_64_TO_32_BIT_CONVERSION = YES;
				GCC_WARN_ABOUT_RETURN_TYPE = YES_ERROR;
				GCC_WARN_UNDECLARED_SELECTOR = YES;
				GCC_WARN_UNINITIALIZED_AUTOS = YES_AGGRESSIVE;
				GCC_WARN_UNUSED_FUNCTION = YES;
				GCC_WARN_UNUSED_VARIABLE = YES;
				IPHONEOS_DEPLOYMENT_TARGET = 8.0;
				MTL_ENABLE_DEBUG_INFO = YES;
				ONLY_ACTIVE_ARCH = YES;
				SDKROOT = iphoneos;
				SWIFT_OPTIMIZATION_LEVEL = "-Onone";
			};
			name = Debug;
		};
		4C23DC6E19C98C6A00A4FE0E /* Release */ = {
			isa = XCBuildConfiguration;
			buildSettings = {
				ALWAYS_SEARCH_USER_PATHS = NO;
				CLANG_CXX_LANGUAGE_STANDARD = "gnu++0x";
				CLANG_CXX_LIBRARY = "libc++";
				CLANG_ENABLE_MODULES = YES;
				CLANG_ENABLE_OBJC_ARC = YES;
				CLANG_WARN_BOOL_CONVERSION = YES;
				CLANG_WARN_CONSTANT_CONVERSION = YES;
				CLANG_WARN_DIRECT_OBJC_ISA_USAGE = YES_ERROR;
				CLANG_WARN_EMPTY_BODY = YES;
				CLANG_WARN_ENUM_CONVERSION = YES;
				CLANG_WARN_INT_CONVERSION = YES;
				CLANG_WARN_OBJC_ROOT_CLASS = YES_ERROR;
				CLANG_WARN_UNREACHABLE_CODE = YES;
				CLANG_WARN__DUPLICATE_METHOD_MATCH = YES;
				"CODE_SIGN_IDENTITY[sdk=iphoneos*]" = "iPhone Developer";
				COPY_PHASE_STRIP = YES;
				ENABLE_NS_ASSERTIONS = NO;
				ENABLE_STRICT_OBJC_MSGSEND = YES;
				GCC_C_LANGUAGE_STANDARD = gnu99;
				GCC_WARN_64_TO_32_BIT_CONVERSION = YES;
				GCC_WARN_ABOUT_RETURN_TYPE = YES_ERROR;
				GCC_WARN_UNDECLARED_SELECTOR = YES;
				GCC_WARN_UNINITIALIZED_AUTOS = YES_AGGRESSIVE;
				GCC_WARN_UNUSED_FUNCTION = YES;
				GCC_WARN_UNUSED_VARIABLE = YES;
				IPHONEOS_DEPLOYMENT_TARGET = 8.0;
				MTL_ENABLE_DEBUG_INFO = NO;
				SDKROOT = iphoneos;
				VALIDATE_PRODUCT = YES;
			};
			name = Release;
		};
		4C23DC7019C98C6A00A4FE0E /* Debug */ = {
			isa = XCBuildConfiguration;
			buildSettings = {
				ASSETCATALOG_COMPILER_APPICON_NAME = AppIcon;
				CLANG_ENABLE_MODULES = YES;
				CODE_SIGN_ENTITLEMENTS = RateMyTalk/RateMyTalk.entitlements;
				CODE_SIGN_IDENTITY = "iPhone Developer";
				"CODE_SIGN_IDENTITY[sdk=iphoneos*]" = "iPhone Developer";
				INFOPLIST_FILE = RateMyTalk/Info.plist;
				LD_RUNPATH_SEARCH_PATHS = "$(inherited) @executable_path/Frameworks";
				PRODUCT_NAME = "$(TARGET_NAME)";
				PROVISIONING_PROFILE = "";
				SWIFT_OBJC_BRIDGING_HEADER = "RateMyTalk/RateMyTalk-Bridging-Header.h";
				SWIFT_OPTIMIZATION_LEVEL = "-Onone";
			};
			name = Debug;
		};
		4C23DC7119C98C6A00A4FE0E /* Release */ = {
			isa = XCBuildConfiguration;
			buildSettings = {
				ASSETCATALOG_COMPILER_APPICON_NAME = AppIcon;
				CLANG_ENABLE_MODULES = YES;
				CODE_SIGN_ENTITLEMENTS = RateMyTalk/RateMyTalk.entitlements;
				CODE_SIGN_IDENTITY = "iPhone Developer";
				"CODE_SIGN_IDENTITY[sdk=iphoneos*]" = "iPhone Developer";
				INFOPLIST_FILE = RateMyTalk/Info.plist;
				LD_RUNPATH_SEARCH_PATHS = "$(inherited) @executable_path/Frameworks";
				PRODUCT_NAME = "$(TARGET_NAME)";
				PROVISIONING_PROFILE = "";
				SWIFT_OBJC_BRIDGING_HEADER = "RateMyTalk/RateMyTalk-Bridging-Header.h";
			};
			name = Release;
		};
		4C23DC7319C98C6A00A4FE0E /* Debug */ = {
			isa = XCBuildConfiguration;
			buildSettings = {
				BUNDLE_LOADER = "$(TEST_HOST)";
				FRAMEWORK_SEARCH_PATHS = (
					"$(SDKROOT)/Developer/Library/Frameworks",
					"$(inherited)",
				);
				GCC_PREPROCESSOR_DEFINITIONS = (
					"DEBUG=1",
					"$(inherited)",
				);
				INFOPLIST_FILE = RateMyTalkTests/Info.plist;
				LD_RUNPATH_SEARCH_PATHS = "$(inherited) @executable_path/Frameworks @loader_path/Frameworks";
				PRODUCT_NAME = "$(TARGET_NAME)";
				TEST_HOST = "$(BUILT_PRODUCTS_DIR)/RateMyTalk.app/RateMyTalk";
			};
			name = Debug;
		};
		4C23DC7419C98C6A00A4FE0E /* Release */ = {
			isa = XCBuildConfiguration;
			buildSettings = {
				BUNDLE_LOADER = "$(TEST_HOST)";
				FRAMEWORK_SEARCH_PATHS = (
					"$(SDKROOT)/Developer/Library/Frameworks",
					"$(inherited)",
				);
				INFOPLIST_FILE = RateMyTalkTests/Info.plist;
				LD_RUNPATH_SEARCH_PATHS = "$(inherited) @executable_path/Frameworks @loader_path/Frameworks";
				PRODUCT_NAME = "$(TARGET_NAME)";
				TEST_HOST = "$(BUILT_PRODUCTS_DIR)/RateMyTalk.app/RateMyTalk";
			};
			name = Release;
		};
		4C23DC9019C9929300A4FE0E /* Debug */ = {
			isa = XCBuildConfiguration;
			buildSettings = {
				CLANG_ENABLE_MODULES = YES;
				GCC_PREPROCESSOR_DEFINITIONS = (
					"DEBUG=1",
					"$(inherited)",
				);
				INFOPLIST_FILE = TodayExtension/Info.plist;
				LD_RUNPATH_SEARCH_PATHS = "$(inherited) @executable_path/Frameworks @executable_path/../../Frameworks";
				PRODUCT_NAME = "Rate My Talk";
				SKIP_INSTALL = YES;
				SWIFT_OBJC_BRIDGING_HEADER = "RateMyTalk/TodayExtension-Bridging-Header.h";
				SWIFT_OPTIMIZATION_LEVEL = "-Onone";
			};
			name = Debug;
		};
		4C23DC9119C9929300A4FE0E /* Release */ = {
			isa = XCBuildConfiguration;
			buildSettings = {
				CLANG_ENABLE_MODULES = YES;
				INFOPLIST_FILE = TodayExtension/Info.plist;
				LD_RUNPATH_SEARCH_PATHS = "$(inherited) @executable_path/Frameworks @executable_path/../../Frameworks";
				PRODUCT_NAME = "Rate My Talk";
				SKIP_INSTALL = YES;
				SWIFT_OBJC_BRIDGING_HEADER = "RateMyTalk/TodayExtension-Bridging-Header.h";
			};
			name = Release;
		};
/* End XCBuildConfiguration section */

/* Begin XCConfigurationList section */
		4C23DC4B19C98C6900A4FE0E /* Build configuration list for PBXProject "RateMyTalk" */ = {
			isa = XCConfigurationList;
			buildConfigurations = (
				4C23DC6D19C98C6A00A4FE0E /* Debug */,
				4C23DC6E19C98C6A00A4FE0E /* Release */,
			);
			defaultConfigurationIsVisible = 0;
			defaultConfigurationName = Release;
		};
		4C23DC6F19C98C6A00A4FE0E /* Build configuration list for PBXNativeTarget "RateMyTalk" */ = {
			isa = XCConfigurationList;
			buildConfigurations = (
				4C23DC7019C98C6A00A4FE0E /* Debug */,
				4C23DC7119C98C6A00A4FE0E /* Release */,
			);
			defaultConfigurationIsVisible = 0;
			defaultConfigurationName = Release;
		};
		4C23DC7219C98C6A00A4FE0E /* Build configuration list for PBXNativeTarget "RateMyTalkTests" */ = {
			isa = XCConfigurationList;
			buildConfigurations = (
				4C23DC7319C98C6A00A4FE0E /* Debug */,
				4C23DC7419C98C6A00A4FE0E /* Release */,
			);
			defaultConfigurationIsVisible = 0;
			defaultConfigurationName = Release;
		};
		4C23DC8F19C9929300A4FE0E /* Build configuration list for PBXNativeTarget "TodayExtension" */ = {
			isa = XCConfigurationList;
			buildConfigurations = (
				4C23DC9019C9929300A4FE0E /* Debug */,
				4C23DC9119C9929300A4FE0E /* Release */,
			);
			defaultConfigurationIsVisible = 0;
			defaultConfigurationName = Release;
		};
/* End XCConfigurationList section */
	};
	rootObject = 4C23DC4819C98C6900A4FE0E /* Project object */;
}
